// !$*UTF8*$!
{
	archiveVersion = 1;
	classes = {
	};
	objectVersion = 56;
	objects = {

/* Begin PBXBuildFile section */
		4C3C8B102D1467C80044B5F6 /* raylib.swift in Sources */ = {isa = PBXBuildFile; fileRef = 4C3C8B0F2D1467C80044B5F6 /* raylib.swift */; };
		4C3C8B122D147F120044B5F6 /* Game.swift in Sources */ = {isa = PBXBuildFile; fileRef = 4C3C8B112D147F120044B5F6 /* Game.swift */; };
		4C3C8B142D1487B00044B5F6 /* Stage.swift in Sources */ = {isa = PBXBuildFile; fileRef = 4C3C8B132D1487B00044B5F6 /* Stage.swift */; };
		4C3C8B172D1489AB0044B5F6 /* LoadingStage.swift in Sources */ = {isa = PBXBuildFile; fileRef = 4C3C8B162D1489AB0044B5F6 /* LoadingStage.swift */; };
		4C3C8B192D14B1760044B5F6 /* ClearStage.swift in Sources */ = {isa = PBXBuildFile; fileRef = 4C3C8B182D14B1760044B5F6 /* ClearStage.swift */; };
		4C3C8B1B2D14D0150044B5F6 /* ClearDissolveStage.swift in Sources */ = {isa = PBXBuildFile; fileRef = 4C3C8B1A2D14D0150044B5F6 /* ClearDissolveStage.swift */; };
		4C3FF87C2D18DED400AB8425 /* Friend.swift in Sources */ = {isa = PBXBuildFile; fileRef = 4C3FF87B2D18DED300AB8425 /* Friend.swift */; };
		4C7DBAB92D554407009E2899 /* clay.c in Sources */ = {isa = PBXBuildFile; fileRef = 4C7DBAB82D554402009E2899 /* clay.c */; };
		4C8A3A362D234F85008ECC8E /* SnekStage.swift in Sources */ = {isa = PBXBuildFile; fileRef = 4C8A3A352D234F85008ECC8E /* SnekStage.swift */; };
		4C8A3A392D2356DD008ECC8E /* Position.swift in Sources */ = {isa = PBXBuildFile; fileRef = 4C8A3A382D2356DD008ECC8E /* Position.swift */; };
		4CC30CBF2D558ECF00D986CE /* clay_renderer_raylib.c in Sources */ = {isa = PBXBuildFile; fileRef = 4CC30CBE2D558ECF00D986CE /* clay_renderer_raylib.c */; };
		4CD9099F2D14609000821D03 /* libraylib.a in Frameworks */ = {isa = PBXBuildFile; fileRef = 4CD9099E2D14609000821D03 /* libraylib.a */; };
		4CDB4B642D1313FC0067CA58 /* Assets.xcassets in Resources */ = {isa = PBXBuildFile; fileRef = 4CDB4B632D1313FC0067CA58 /* Assets.xcassets */; };
		4CDB4B672D1313FC0067CA58 /* Preview Assets.xcassets in Resources */ = {isa = PBXBuildFile; fileRef = 4CDB4B662D1313FC0067CA58 /* Preview Assets.xcassets */; };
		4CDB4B732D1316BB0067CA58 /* OpenGL.framework in Frameworks */ = {isa = PBXBuildFile; fileRef = 4CDB4B722D1316BB0067CA58 /* OpenGL.framework */; };
		4CDB4B752D1316C50067CA58 /* Cocoa.framework in Frameworks */ = {isa = PBXBuildFile; fileRef = 4CDB4B742D1316C50067CA58 /* Cocoa.framework */; };
		4CDB4B772D1316CD0067CA58 /* IOKit.framework in Frameworks */ = {isa = PBXBuildFile; fileRef = 4CDB4B762D1316CD0067CA58 /* IOKit.framework */; };
		4CDB4B792D1316DE0067CA58 /* CoreVideo.framework in Frameworks */ = {isa = PBXBuildFile; fileRef = 4CDB4B782D1316DE0067CA58 /* CoreVideo.framework */; };
		4CDB4B7B2D1316F80067CA58 /* libSystem.B.tbd in Frameworks */ = {isa = PBXBuildFile; fileRef = 4CDB4B7A2D1316F80067CA58 /* libSystem.B.tbd */; };
		4CDB4B7D2D1317030067CA58 /* AppKit.framework in Frameworks */ = {isa = PBXBuildFile; fileRef = 4CDB4B7C2D1317030067CA58 /* AppKit.framework */; };
		4CDB4B7F2D13170D0067CA58 /* CoreFoundation.framework in Frameworks */ = {isa = PBXBuildFile; fileRef = 4CDB4B7E2D13170D0067CA58 /* CoreFoundation.framework */; };
		4CDB4B822D13171C0067CA58 /* CoreServices.framework in Frameworks */ = {isa = PBXBuildFile; fileRef = 4CDB4B802D13171C0067CA58 /* CoreServices.framework */; };
		4CDB4B832D13171C0067CA58 /* CoreGraphics.framework in Frameworks */ = {isa = PBXBuildFile; fileRef = 4CDB4B812D13171C0067CA58 /* CoreGraphics.framework */; };
		4CDB4B852D1317270067CA58 /* Foundation.framework in Frameworks */ = {isa = PBXBuildFile; fileRef = 4CDB4B842D1317270067CA58 /* Foundation.framework */; };
		4CDB4B872D1317360067CA58 /* libobjc.A.tbd in Frameworks */ = {isa = PBXBuildFile; fileRef = 4CDB4B862D1317350067CA58 /* libobjc.A.tbd */; };
		4CDB4B8C2D1386BF0067CA58 /* Main.swift in Sources */ = {isa = PBXBuildFile; fileRef = 4CDB4B8B2D1386BF0067CA58 /* Main.swift */; };
/* End PBXBuildFile section */

/* Begin PBXFileReference section */
		4C241B1F2D555DC400CBA6C1 /* raylib_umbrella.h */ = {isa = PBXFileReference; lastKnownFileType = sourcecode.c.h; path = raylib_umbrella.h; sourceTree = "<group>"; };
		4C3C8B0F2D1467C80044B5F6 /* raylib.swift */ = {isa = PBXFileReference; lastKnownFileType = sourcecode.swift; path = raylib.swift; sourceTree = "<group>"; };
		4C3C8B112D147F120044B5F6 /* Game.swift */ = {isa = PBXFileReference; lastKnownFileType = sourcecode.swift; path = Game.swift; sourceTree = "<group>"; };
		4C3C8B132D1487B00044B5F6 /* Stage.swift */ = {isa = PBXFileReference; lastKnownFileType = sourcecode.swift; path = Stage.swift; sourceTree = "<group>"; };
		4C3C8B162D1489AB0044B5F6 /* LoadingStage.swift */ = {isa = PBXFileReference; lastKnownFileType = sourcecode.swift; path = LoadingStage.swift; sourceTree = "<group>"; };
		4C3C8B182D14B1760044B5F6 /* ClearStage.swift */ = {isa = PBXFileReference; lastKnownFileType = sourcecode.swift; path = ClearStage.swift; sourceTree = "<group>"; };
		4C3C8B1A2D14D0150044B5F6 /* ClearDissolveStage.swift */ = {isa = PBXFileReference; lastKnownFileType = sourcecode.swift; path = ClearDissolveStage.swift; sourceTree = "<group>"; };
		4C3FF87B2D18DED300AB8425 /* Friend.swift */ = {isa = PBXFileReference; lastKnownFileType = sourcecode.swift; path = Friend.swift; sourceTree = "<group>"; };
		4C7DBAB72D554390009E2899 /* clay.h */ = {isa = PBXFileReference; lastKnownFileType = sourcecode.c.h; path = clay.h; sourceTree = "<group>"; };
		4C7DBAB82D554402009E2899 /* clay.c */ = {isa = PBXFileReference; lastKnownFileType = sourcecode.c.c; path = clay.c; sourceTree = "<group>"; };
		4C7DBABC2D55463E009E2899 /* module.modulemap */ = {isa = PBXFileReference; lastKnownFileType = "sourcecode.module-map"; path = module.modulemap; sourceTree = "<group>"; };
		4C7DBABD2D554C07009E2899 /* clay_umbrella.h */ = {isa = PBXFileReference; lastKnownFileType = sourcecode.c.h; path = clay_umbrella.h; sourceTree = "<group>"; };
		4C7DBAC02D55541A009E2899 /* raymath.h */ = {isa = PBXFileReference; lastKnownFileType = sourcecode.c.h; path = raymath.h; sourceTree = "<group>"; };
		4C8A3A352D234F85008ECC8E /* SnekStage.swift */ = {isa = PBXFileReference; lastKnownFileType = sourcecode.swift; path = SnekStage.swift; sourceTree = "<group>"; };
		4C8A3A382D2356DD008ECC8E /* Position.swift */ = {isa = PBXFileReference; lastKnownFileType = sourcecode.swift; path = Position.swift; sourceTree = "<group>"; };
		4CC30CBE2D558ECF00D986CE /* clay_renderer_raylib.c */ = {isa = PBXFileReference; lastKnownFileType = sourcecode.c.c; path = clay_renderer_raylib.c; sourceTree = "<group>"; };
		4CD9099A2D13C18000821D03 /* libraylib.5.5.0.dylib */ = {isa = PBXFileReference; lastKnownFileType = "compiled.mach-o.dylib"; name = libraylib.5.5.0.dylib; path = "../raylib-5.5_macos/lib/libraylib.5.5.0.dylib"; sourceTree = "<group>"; };
		4CD9099C2D145FB900821D03 /* module.modulemap */ = {isa = PBXFileReference; fileEncoding = 4; lastKnownFileType = "sourcecode.module-map"; path = module.modulemap; sourceTree = "<group>"; };
		4CD9099D2D145FCE00821D03 /* raylib.h */ = {isa = PBXFileReference; fileEncoding = 4; lastKnownFileType = sourcecode.c.h; path = raylib.h; sourceTree = "<group>"; };
		4CD9099E2D14609000821D03 /* libraylib.a */ = {isa = PBXFileReference; lastKnownFileType = archive.ar; name = libraylib.a; path = "../raylib-5.5_macos/lib/libraylib.a"; sourceTree = "<group>"; };
		4CDB4B5C2D1313F80067CA58 /* Yokta Beginnings.app */ = {isa = PBXFileReference; explicitFileType = wrapper.application; includeInIndex = 0; path = "Yokta Beginnings.app"; sourceTree = BUILT_PRODUCTS_DIR; };
		4CDB4B632D1313FC0067CA58 /* Assets.xcassets */ = {isa = PBXFileReference; lastKnownFileType = folder.assetcatalog; path = Assets.xcassets; sourceTree = "<group>"; };
		4CDB4B662D1313FC0067CA58 /* Preview Assets.xcassets */ = {isa = PBXFileReference; lastKnownFileType = folder.assetcatalog; path = "Preview Assets.xcassets"; sourceTree = "<group>"; };
		4CDB4B682D1313FC0067CA58 /* Yokta_Beginnings.entitlements */ = {isa = PBXFileReference; lastKnownFileType = text.plist.entitlements; path = Yokta_Beginnings.entitlements; sourceTree = "<group>"; };
		4CDB4B722D1316BB0067CA58 /* OpenGL.framework */ = {isa = PBXFileReference; lastKnownFileType = wrapper.framework; name = OpenGL.framework; path = System/Library/Frameworks/OpenGL.framework; sourceTree = SDKROOT; };
		4CDB4B742D1316C50067CA58 /* Cocoa.framework */ = {isa = PBXFileReference; lastKnownFileType = wrapper.framework; name = Cocoa.framework; path = System/Library/Frameworks/Cocoa.framework; sourceTree = SDKROOT; };
		4CDB4B762D1316CD0067CA58 /* IOKit.framework */ = {isa = PBXFileReference; lastKnownFileType = wrapper.framework; name = IOKit.framework; path = System/Library/Frameworks/IOKit.framework; sourceTree = SDKROOT; };
		4CDB4B782D1316DE0067CA58 /* CoreVideo.framework */ = {isa = PBXFileReference; lastKnownFileType = wrapper.framework; name = CoreVideo.framework; path = System/Library/Frameworks/CoreVideo.framework; sourceTree = SDKROOT; };
		4CDB4B7A2D1316F80067CA58 /* libSystem.B.tbd */ = {isa = PBXFileReference; lastKnownFileType = "sourcecode.text-based-dylib-definition"; name = libSystem.B.tbd; path = usr/lib/libSystem.B.tbd; sourceTree = SDKROOT; };
		4CDB4B7C2D1317030067CA58 /* AppKit.framework */ = {isa = PBXFileReference; lastKnownFileType = wrapper.framework; name = AppKit.framework; path = System/Library/Frameworks/AppKit.framework; sourceTree = SDKROOT; };
		4CDB4B7E2D13170D0067CA58 /* CoreFoundation.framework */ = {isa = PBXFileReference; lastKnownFileType = wrapper.framework; name = CoreFoundation.framework; path = System/Library/Frameworks/CoreFoundation.framework; sourceTree = SDKROOT; };
		4CDB4B802D13171C0067CA58 /* CoreServices.framework */ = {isa = PBXFileReference; lastKnownFileType = wrapper.framework; name = CoreServices.framework; path = System/Library/Frameworks/CoreServices.framework; sourceTree = SDKROOT; };
		4CDB4B812D13171C0067CA58 /* CoreGraphics.framework */ = {isa = PBXFileReference; lastKnownFileType = wrapper.framework; name = CoreGraphics.framework; path = System/Library/Frameworks/CoreGraphics.framework; sourceTree = SDKROOT; };
		4CDB4B842D1317270067CA58 /* Foundation.framework */ = {isa = PBXFileReference; lastKnownFileType = wrapper.framework; name = Foundation.framework; path = System/Library/Frameworks/Foundation.framework; sourceTree = SDKROOT; };
		4CDB4B862D1317350067CA58 /* libobjc.A.tbd */ = {isa = PBXFileReference; lastKnownFileType = "sourcecode.text-based-dylib-definition"; name = libobjc.A.tbd; path = usr/lib/libobjc.A.tbd; sourceTree = SDKROOT; };
		4CDB4B8B2D1386BF0067CA58 /* Main.swift */ = {isa = PBXFileReference; lastKnownFileType = sourcecode.swift; path = Main.swift; sourceTree = "<group>"; };
/* End PBXFileReference section */

/* Begin PBXFrameworksBuildPhase section */
		4CDB4B592D1313F80067CA58 /* Frameworks */ = {
			isa = PBXFrameworksBuildPhase;
			buildActionMask = 2147483647;
			files = (
				4CD9099F2D14609000821D03 /* libraylib.a in Frameworks */,
				4CDB4B872D1317360067CA58 /* libobjc.A.tbd in Frameworks */,
				4CDB4B852D1317270067CA58 /* Foundation.framework in Frameworks */,
				4CDB4B822D13171C0067CA58 /* CoreServices.framework in Frameworks */,
				4CDB4B832D13171C0067CA58 /* CoreGraphics.framework in Frameworks */,
				4CDB4B7F2D13170D0067CA58 /* CoreFoundation.framework in Frameworks */,
				4CDB4B7D2D1317030067CA58 /* AppKit.framework in Frameworks */,
				4CDB4B7B2D1316F80067CA58 /* libSystem.B.tbd in Frameworks */,
				4CDB4B792D1316DE0067CA58 /* CoreVideo.framework in Frameworks */,
				4CDB4B772D1316CD0067CA58 /* IOKit.framework in Frameworks */,
				4CDB4B752D1316C50067CA58 /* Cocoa.framework in Frameworks */,
				4CDB4B732D1316BB0067CA58 /* OpenGL.framework in Frameworks */,
			);
			runOnlyForDeploymentPostprocessing = 0;
		};
/* End PBXFrameworksBuildPhase section */

/* Begin PBXGroup section */
		4C3C8B152D1489660044B5F6 /* Stages */ = {
			isa = PBXGroup;
			children = (
				4C3C8B132D1487B00044B5F6 /* Stage.swift */,
				4C3C8B162D1489AB0044B5F6 /* LoadingStage.swift */,
				4C3C8B182D14B1760044B5F6 /* ClearStage.swift */,
				4C3C8B1A2D14D0150044B5F6 /* ClearDissolveStage.swift */,
				4C8A3A352D234F85008ECC8E /* SnekStage.swift */,
			);
			path = Stages;
			sourceTree = "<group>";
		};
		4C3FF87A2D18DE7E00AB8425 /* Friend */ = {
			isa = PBXGroup;
			children = (
				4C3FF87B2D18DED300AB8425 /* Friend.swift */,
			);
			path = Friend;
			sourceTree = "<group>";
		};
		4C7DBABA2D554614009E2899 /* raylib */ = {
			isa = PBXGroup;
			children = (
				4C241B1F2D555DC400CBA6C1 /* raylib_umbrella.h */,
				4C7DBAC02D55541A009E2899 /* raymath.h */,
				4CD9099D2D145FCE00821D03 /* raylib.h */,
				4CD9099C2D145FB900821D03 /* module.modulemap */,
				4C3C8B0F2D1467C80044B5F6 /* raylib.swift */,
			);
			path = raylib;
			sourceTree = "<group>";
		};
		4C7DBABB2D55461F009E2899 /* clay */ = {
			isa = PBXGroup;
			children = (
				4CC30CBE2D558ECF00D986CE /* clay_renderer_raylib.c */,
				4C7DBABD2D554C07009E2899 /* clay_umbrella.h */,
				4C7DBABC2D55463E009E2899 /* module.modulemap */,
				4C7DBAB82D554402009E2899 /* clay.c */,
				4C7DBAB72D554390009E2899 /* clay.h */,
			);
			path = clay;
			sourceTree = "<group>";
		};
		4C8A3A372D2356BB008ECC8E /* Utility */ = {
			isa = PBXGroup;
			children = (
				4C8A3A382D2356DD008ECC8E /* Position.swift */,
			);
			path = Utility;
			sourceTree = "<group>";
		};
		4CDB4B532D1313F80067CA58 = {
			isa = PBXGroup;
			children = (
				4C3FF87A2D18DE7E00AB8425 /* Friend */,
				4CDB4B5E2D1313F80067CA58 /* Yokta Beginnings */,
				4CDB4B702D13154F0067CA58 /* Modules */,
				4C3C8B152D1489660044B5F6 /* Stages */,
				4C8A3A372D2356BB008ECC8E /* Utility */,
				4CDB4B5D2D1313F80067CA58 /* Products */,
				4CDB4B712D1316BB0067CA58 /* Frameworks */,
			);
			sourceTree = "<group>";
		};
		4CDB4B5D2D1313F80067CA58 /* Products */ = {
			isa = PBXGroup;
			children = (
				4CDB4B5C2D1313F80067CA58 /* Yokta Beginnings.app */,
			);
			name = Products;
			sourceTree = "<group>";
		};
		4CDB4B5E2D1313F80067CA58 /* Yokta Beginnings */ = {
			isa = PBXGroup;
			children = (
				4CDB4B632D1313FC0067CA58 /* Assets.xcassets */,
				4CDB4B682D1313FC0067CA58 /* Yokta_Beginnings.entitlements */,
				4CDB4B652D1313FC0067CA58 /* Preview Content */,
				4CDB4B8B2D1386BF0067CA58 /* Main.swift */,
				4C3C8B112D147F120044B5F6 /* Game.swift */,
			);
			path = "Yokta Beginnings";
			sourceTree = "<group>";
		};
		4CDB4B652D1313FC0067CA58 /* Preview Content */ = {
			isa = PBXGroup;
			children = (
				4CDB4B662D1313FC0067CA58 /* Preview Assets.xcassets */,
			);
			path = "Preview Content";
			sourceTree = "<group>";
		};
		4CDB4B702D13154F0067CA58 /* Modules */ = {
			isa = PBXGroup;
			children = (
				4C7DBABB2D55461F009E2899 /* clay */,
				4C7DBABA2D554614009E2899 /* raylib */,
			);
			path = Modules;
			sourceTree = "<group>";
		};
		4CDB4B712D1316BB0067CA58 /* Frameworks */ = {
			isa = PBXGroup;
			children = (
				4CD9099E2D14609000821D03 /* libraylib.a */,
				4CD9099A2D13C18000821D03 /* libraylib.5.5.0.dylib */,
				4CDB4B862D1317350067CA58 /* libobjc.A.tbd */,
				4CDB4B842D1317270067CA58 /* Foundation.framework */,
				4CDB4B812D13171C0067CA58 /* CoreGraphics.framework */,
				4CDB4B802D13171C0067CA58 /* CoreServices.framework */,
				4CDB4B7E2D13170D0067CA58 /* CoreFoundation.framework */,
				4CDB4B7C2D1317030067CA58 /* AppKit.framework */,
				4CDB4B7A2D1316F80067CA58 /* libSystem.B.tbd */,
				4CDB4B782D1316DE0067CA58 /* CoreVideo.framework */,
				4CDB4B762D1316CD0067CA58 /* IOKit.framework */,
				4CDB4B742D1316C50067CA58 /* Cocoa.framework */,
				4CDB4B722D1316BB0067CA58 /* OpenGL.framework */,
			);
			name = Frameworks;
			sourceTree = "<group>";
		};
/* End PBXGroup section */

/* Begin PBXNativeTarget section */
		4CDB4B5B2D1313F80067CA58 /* Yokta Beginnings */ = {
			isa = PBXNativeTarget;
			buildConfigurationList = 4CDB4B6B2D1313FC0067CA58 /* Build configuration list for PBXNativeTarget "Yokta Beginnings" */;
			buildPhases = (
				4CDB4B582D1313F80067CA58 /* Sources */,
				4CDB4B592D1313F80067CA58 /* Frameworks */,
				4CDB4B5A2D1313F80067CA58 /* Resources */,
			);
			buildRules = (
			);
			dependencies = (
			);
			name = "Yokta Beginnings";
			productName = "Yokta Beginnings";
			productReference = 4CDB4B5C2D1313F80067CA58 /* Yokta Beginnings.app */;
			productType = "com.apple.product-type.application";
		};
/* End PBXNativeTarget section */

/* Begin PBXProject section */
		4CDB4B542D1313F80067CA58 /* Project object */ = {
			isa = PBXProject;
			attributes = {
				BuildIndependentTargetsInParallel = 1;
				LastSwiftUpdateCheck = 1520;
				LastUpgradeCheck = 1520;
				TargetAttributes = {
					4CDB4B5B2D1313F80067CA58 = {
						CreatedOnToolsVersion = 15.2;
						LastSwiftMigration = 1600;
					};
				};
			};
			buildConfigurationList = 4CDB4B572D1313F80067CA58 /* Build configuration list for PBXProject "Yokta Beginnings" */;
			compatibilityVersion = "Xcode 14.0";
			developmentRegion = en;
			hasScannedForEncodings = 0;
			knownRegions = (
				en,
				Base,
			);
			mainGroup = 4CDB4B532D1313F80067CA58;
			productRefGroup = 4CDB4B5D2D1313F80067CA58 /* Products */;
			projectDirPath = "";
			projectRoot = "";
			targets = (
				4CDB4B5B2D1313F80067CA58 /* Yokta Beginnings */,
			);
		};
/* End PBXProject section */

/* Begin PBXResourcesBuildPhase section */
		4CDB4B5A2D1313F80067CA58 /* Resources */ = {
			isa = PBXResourcesBuildPhase;
			buildActionMask = 2147483647;
			files = (
				4CDB4B672D1313FC0067CA58 /* Preview Assets.xcassets in Resources */,
				4CDB4B642D1313FC0067CA58 /* Assets.xcassets in Resources */,
			);
			runOnlyForDeploymentPostprocessing = 0;
		};
/* End PBXResourcesBuildPhase section */

/* Begin PBXSourcesBuildPhase section */
		4CDB4B582D1313F80067CA58 /* Sources */ = {
			isa = PBXSourcesBuildPhase;
			buildActionMask = 2147483647;
			files = (
				4C7DBAB92D554407009E2899 /* clay.c in Sources */,
				4C3C8B122D147F120044B5F6 /* Game.swift in Sources */,
				4C3C8B102D1467C80044B5F6 /* raylib.swift in Sources */,
				4C3C8B1B2D14D0150044B5F6 /* ClearDissolveStage.swift in Sources */,
				4C3C8B172D1489AB0044B5F6 /* LoadingStage.swift in Sources */,
				4C3C8B142D1487B00044B5F6 /* Stage.swift in Sources */,
				4CDB4B8C2D1386BF0067CA58 /* Main.swift in Sources */,
				4C3C8B192D14B1760044B5F6 /* ClearStage.swift in Sources */,
				4CC30CBF2D558ECF00D986CE /* clay_renderer_raylib.c in Sources */,
				4C3FF87C2D18DED400AB8425 /* Friend.swift in Sources */,
				4C8A3A392D2356DD008ECC8E /* Position.swift in Sources */,
				4C8A3A362D234F85008ECC8E /* SnekStage.swift in Sources */,
			);
			runOnlyForDeploymentPostprocessing = 0;
		};
/* End PBXSourcesBuildPhase section */

/* Begin XCBuildConfiguration section */
		4CDB4B692D1313FC0067CA58 /* Debug */ = {
			isa = XCBuildConfiguration;
			buildSettings = {
				ALWAYS_SEARCH_USER_PATHS = NO;
				ASSETCATALOG_COMPILER_GENERATE_SWIFT_ASSET_SYMBOL_EXTENSIONS = YES;
				CLANG_ANALYZER_NONNULL = YES;
				CLANG_ANALYZER_NUMBER_OBJECT_CONVERSION = YES_AGGRESSIVE;
				CLANG_CXX_LANGUAGE_STANDARD = "gnu++20";
				CLANG_ENABLE_MODULES = YES;
				CLANG_ENABLE_OBJC_ARC = YES;
				CLANG_ENABLE_OBJC_WEAK = YES;
				CLANG_WARN_BLOCK_CAPTURE_AUTORELEASING = YES;
				CLANG_WARN_BOOL_CONVERSION = YES;
				CLANG_WARN_COMMA = YES;
				CLANG_WARN_CONSTANT_CONVERSION = YES;
				CLANG_WARN_DEPRECATED_OBJC_IMPLEMENTATIONS = YES;
				CLANG_WARN_DIRECT_OBJC_ISA_USAGE = YES_ERROR;
				CLANG_WARN_DOCUMENTATION_COMMENTS = YES;
				CLANG_WARN_EMPTY_BODY = YES;
				CLANG_WARN_ENUM_CONVERSION = YES;
				CLANG_WARN_INFINITE_RECURSION = YES;
				CLANG_WARN_INT_CONVERSION = YES;
				CLANG_WARN_NON_LITERAL_NULL_CONVERSION = YES;
				CLANG_WARN_OBJC_IMPLICIT_RETAIN_SELF = YES;
				CLANG_WARN_OBJC_LITERAL_CONVERSION = YES;
				CLANG_WARN_OBJC_ROOT_CLASS = YES_ERROR;
				CLANG_WARN_QUOTED_INCLUDE_IN_FRAMEWORK_HEADER = YES;
				CLANG_WARN_RANGE_LOOP_ANALYSIS = YES;
				CLANG_WARN_STRICT_PROTOTYPES = YES;
				CLANG_WARN_SUSPICIOUS_MOVE = YES;
				CLANG_WARN_UNGUARDED_AVAILABILITY = YES_AGGRESSIVE;
				CLANG_WARN_UNREACHABLE_CODE = YES;
				CLANG_WARN__DUPLICATE_METHOD_MATCH = YES;
				COPY_PHASE_STRIP = NO;
				DEBUG_INFORMATION_FORMAT = dwarf;
				ENABLE_STRICT_OBJC_MSGSEND = YES;
				ENABLE_TESTABILITY = YES;
				ENABLE_USER_SCRIPT_SANDBOXING = YES;
				GCC_C_LANGUAGE_STANDARD = gnu17;
				GCC_DYNAMIC_NO_PIC = NO;
				GCC_NO_COMMON_BLOCKS = YES;
				GCC_OPTIMIZATION_LEVEL = 0;
				GCC_PREPROCESSOR_DEFINITIONS = (
					"DEBUG=1",
					"$(inherited)",
				);
				GCC_WARN_64_TO_32_BIT_CONVERSION = YES;
				GCC_WARN_ABOUT_RETURN_TYPE = YES_ERROR;
				GCC_WARN_UNDECLARED_SELECTOR = YES;
				GCC_WARN_UNINITIALIZED_AUTOS = YES_AGGRESSIVE;
				GCC_WARN_UNUSED_FUNCTION = YES;
				GCC_WARN_UNUSED_VARIABLE = YES;
				LOCALIZATION_PREFERS_STRING_CATALOGS = YES;
				MACOSX_DEPLOYMENT_TARGET = 13.6;
				MTL_ENABLE_DEBUG_INFO = INCLUDE_SOURCE;
				MTL_FAST_MATH = YES;
				ONLY_ACTIVE_ARCH = YES;
				SDKROOT = macosx;
				SWIFT_ACTIVE_COMPILATION_CONDITIONS = "DEBUG $(inherited)";
				SWIFT_OPTIMIZATION_LEVEL = "-Onone";
			};
			name = Debug;
		};
		4CDB4B6A2D1313FC0067CA58 /* Release */ = {
			isa = XCBuildConfiguration;
			buildSettings = {
				ALWAYS_SEARCH_USER_PATHS = NO;
				ASSETCATALOG_COMPILER_GENERATE_SWIFT_ASSET_SYMBOL_EXTENSIONS = YES;
				CLANG_ANALYZER_NONNULL = YES;
				CLANG_ANALYZER_NUMBER_OBJECT_CONVERSION = YES_AGGRESSIVE;
				CLANG_CXX_LANGUAGE_STANDARD = "gnu++20";
				CLANG_ENABLE_MODULES = YES;
				CLANG_ENABLE_OBJC_ARC = YES;
				CLANG_ENABLE_OBJC_WEAK = YES;
				CLANG_WARN_BLOCK_CAPTURE_AUTORELEASING = YES;
				CLANG_WARN_BOOL_CONVERSION = YES;
				CLANG_WARN_COMMA = YES;
				CLANG_WARN_CONSTANT_CONVERSION = YES;
				CLANG_WARN_DEPRECATED_OBJC_IMPLEMENTATIONS = YES;
				CLANG_WARN_DIRECT_OBJC_ISA_USAGE = YES_ERROR;
				CLANG_WARN_DOCUMENTATION_COMMENTS = YES;
				CLANG_WARN_EMPTY_BODY = YES;
				CLANG_WARN_ENUM_CONVERSION = YES;
				CLANG_WARN_INFINITE_RECURSION = YES;
				CLANG_WARN_INT_CONVERSION = YES;
				CLANG_WARN_NON_LITERAL_NULL_CONVERSION = YES;
				CLANG_WARN_OBJC_IMPLICIT_RETAIN_SELF = YES;
				CLANG_WARN_OBJC_LITERAL_CONVERSION = YES;
				CLANG_WARN_OBJC_ROOT_CLASS = YES_ERROR;
				CLANG_WARN_QUOTED_INCLUDE_IN_FRAMEWORK_HEADER = YES;
				CLANG_WARN_RANGE_LOOP_ANALYSIS = YES;
				CLANG_WARN_STRICT_PROTOTYPES = YES;
				CLANG_WARN_SUSPICIOUS_MOVE = YES;
				CLANG_WARN_UNGUARDED_AVAILABILITY = YES_AGGRESSIVE;
				CLANG_WARN_UNREACHABLE_CODE = YES;
				CLANG_WARN__DUPLICATE_METHOD_MATCH = YES;
				COPY_PHASE_STRIP = NO;
				DEBUG_INFORMATION_FORMAT = "dwarf-with-dsym";
				ENABLE_NS_ASSERTIONS = NO;
				ENABLE_STRICT_OBJC_MSGSEND = YES;
				ENABLE_USER_SCRIPT_SANDBOXING = YES;
				GCC_C_LANGUAGE_STANDARD = gnu17;
				GCC_NO_COMMON_BLOCKS = YES;
				GCC_WARN_64_TO_32_BIT_CONVERSION = YES;
				GCC_WARN_ABOUT_RETURN_TYPE = YES_ERROR;
				GCC_WARN_UNDECLARED_SELECTOR = YES;
				GCC_WARN_UNINITIALIZED_AUTOS = YES_AGGRESSIVE;
				GCC_WARN_UNUSED_FUNCTION = YES;
				GCC_WARN_UNUSED_VARIABLE = YES;
				LOCALIZATION_PREFERS_STRING_CATALOGS = YES;
				MACOSX_DEPLOYMENT_TARGET = 13.6;
				MTL_ENABLE_DEBUG_INFO = NO;
				MTL_FAST_MATH = YES;
				SDKROOT = macosx;
				SWIFT_COMPILATION_MODE = wholemodule;
			};
			name = Release;
		};
		4CDB4B6C2D1313FC0067CA58 /* Debug */ = {
			isa = XCBuildConfiguration;
			buildSettings = {
				ASSETCATALOG_COMPILER_APPICON_NAME = AppIcon;
				ASSETCATALOG_COMPILER_GLOBAL_ACCENT_COLOR_NAME = AccentColor;
				CLANG_ENABLE_MODULES = YES;
				CODE_SIGN_ENTITLEMENTS = "Yokta Beginnings/Yokta_Beginnings.entitlements";
				CODE_SIGN_STYLE = Automatic;
				COMBINE_HIDPI_IMAGES = YES;
				CURRENT_PROJECT_VERSION = 1;
				DEFINES_MODULE = YES;
				DEVELOPMENT_ASSET_PATHS = "\"Yokta Beginnings/Preview Content\"";
				DEVELOPMENT_TEAM = Z5HCG2KB82;
				ENABLE_HARDENED_RUNTIME = YES;
				ENABLE_MODULE_VERIFIER = YES;
				ENABLE_PREVIEWS = YES;
				GENERATE_INFOPLIST_FILE = YES;
				HEADER_SEARCH_PATHS = (
					"$(SRCROOT)/Modules/raylib",
					"$(SRCROOT)/Modules/clay",
				);
				INFOPLIST_KEY_CFBundleDisplayName = Beginnings;
				INFOPLIST_KEY_LSApplicationCategoryType = "public.app-category.simulation-games";
				INFOPLIST_KEY_NSHumanReadableCopyright = "";
				LD_RUNPATH_SEARCH_PATHS = (
					"$(inherited)",
					"@executable_path/../Frameworks",
				);
				LIBRARY_SEARCH_PATHS = (
					"$(inherited)",
					"$(PROJECT_DIR)/Modules",
				);
				MARKETING_VERSION = 1.0;
				MODULEMAP_FILE = "$(SRCROOT)/Modules/raylib/module.modulemap $(SRCROOT)/Modules/clay/module.modulemap";
				OTHER_CFLAGS = (
					"-fmodule-map-file=$(SRCROOT)/Modules/Raylib/module.modulemap",
					"-fmodule-map-file=$(SRCROOT)/Modules/Clay/module.modulemap",
				);
				OTHER_SWIFT_FLAGS = "\"-DRAY\"";
				PRODUCT_BUNDLE_IDENTIFIER = "io.shon.Yokta-Beginnings";
				PRODUCT_NAME = "$(TARGET_NAME)";
				SWIFT_EMIT_LOC_STRINGS = YES;
				SWIFT_OPTIMIZATION_LEVEL = "-Onone";
				SWIFT_VERSION = 5.0;
			};
			name = Debug;
		};
		4CDB4B6D2D1313FC0067CA58 /* Release */ = {
			isa = XCBuildConfiguration;
			buildSettings = {
				ASSETCATALOG_COMPILER_APPICON_NAME = AppIcon;
				ASSETCATALOG_COMPILER_GLOBAL_ACCENT_COLOR_NAME = AccentColor;
				CLANG_ENABLE_MODULES = YES;
				CODE_SIGN_ENTITLEMENTS = "Yokta Beginnings/Yokta_Beginnings.entitlements";
				CODE_SIGN_STYLE = Automatic;
				COMBINE_HIDPI_IMAGES = YES;
				CURRENT_PROJECT_VERSION = 1;
				DEBUG_INFORMATION_FORMAT = dwarf;
				DEFINES_MODULE = YES;
				DEVELOPMENT_ASSET_PATHS = "\"Yokta Beginnings/Preview Content\"";
				DEVELOPMENT_TEAM = Z5HCG2KB82;
				ENABLE_HARDENED_RUNTIME = YES;
				ENABLE_MODULE_VERIFIER = YES;
				ENABLE_PREVIEWS = YES;
				GENERATE_INFOPLIST_FILE = YES;
				HEADER_SEARCH_PATHS = (
					"$(SRCROOT)/Modules/raylib",
					"$(SRCROOT)/Modules/clay",
				);
				INFOPLIST_KEY_CFBundleDisplayName = Beginnings;
				INFOPLIST_KEY_LSApplicationCategoryType = "public.app-category.simulation-games";
				INFOPLIST_KEY_NSHumanReadableCopyright = "";
				LD_RUNPATH_SEARCH_PATHS = (
					"$(inherited)",
					"@executable_path/../Frameworks",
				);
				LIBRARY_SEARCH_PATHS = (
					"$(inherited)",
					"$(PROJECT_DIR)/Modules",
				);
				MARKETING_VERSION = 1.0;
				MODULEMAP_FILE = "$(SRCROOT)/Modules/raylib/module.modulemap $(SRCROOT)/Modules/clay/module.modulemap";
				OTHER_CFLAGS = (
					"-fmodule-map-file=$(SRCROOT)/Modules/Raylib/module.modulemap",
					"-fmodule-map-file=$(SRCROOT)/Modules/Clay/module.modulemap",
				);
				OTHER_SWIFT_FLAGS = "\"-DRAY\"";
				PRODUCT_BUNDLE_IDENTIFIER = "io.shon.Yokta-Beginnings";
				PRODUCT_NAME = "$(TARGET_NAME)";
				SWIFT_EMIT_LOC_STRINGS = YES;
				SWIFT_VERSION = 5.0;
			};
			name = Release;
		};
/* End XCBuildConfiguration section */

/* Begin XCConfigurationList section */
		4CDB4B572D1313F80067CA58 /* Build configuration list for PBXProject "Yokta Beginnings" */ = {
			isa = XCConfigurationList;
			buildConfigurations = (
				4CDB4B692D1313FC0067CA58 /* Debug */,
				4CDB4B6A2D1313FC0067CA58 /* Release */,
			);
			defaultConfigurationIsVisible = 0;
			defaultConfigurationName = Release;
		};
		4CDB4B6B2D1313FC0067CA58 /* Build configuration list for PBXNativeTarget "Yokta Beginnings" */ = {
			isa = XCConfigurationList;
			buildConfigurations = (
				4CDB4B6C2D1313FC0067CA58 /* Debug */,
				4CDB4B6D2D1313FC0067CA58 /* Release */,
			);
			defaultConfigurationIsVisible = 0;
			defaultConfigurationName = Release;
		};
/* End XCConfigurationList section */
	};
	rootObject = 4CDB4B542D1313F80067CA58 /* Project object */;
}
